
Microsoft Visual Studio Solution File, Format Version 12.00
# Visual Studio Version 17
VisualStudioVersion = 17.5.33414.496
MinimumVisualStudioVersion = 10.0.40219.1
Project("{8BC9CEB8-8B4A-11D0-8D11-00A0C91BC942}") = "Игра на С++", "Игра на С++.vcxproj", "{697D665C-64E9-4E72-995F-179938FED8AB}"
EndProject
Global
	GlobalSection(SolutionConfigurationPlatforms) = preSolution
		Debug|x64 = Debug|x64
		Debug|x86 = Debug|x86
		Release|x64 = Release|x64
		Release|x86 = Release|x86
	EndGlobalSection
	GlobalSection(ProjectConfigurationPlatforms) = postSolution
		{697D665C-64E9-4E72-995F-179938FED8AB}.Debug|x64.ActiveCfg = Debug|x64
		{697D665C-64E9-4E72-995F-179938FED8AB}.Debug|x64.Build.0 = Debug|x64
		{697D665C-64E9-4E72-995F-179938FED8AB}.Debug|x86.ActiveCfg = Debug|Win32
		{697D665C-64E9-4E72-995F-179938FED8AB}.Debug|x86.Build.0 = Debug|Win32
		{697D665C-64E9-4E72-995F-179938FED8AB}.Release|x64.ActiveCfg = Release|x64
		{697D665C-64E9-4E72-995F-179938FED8AB}.Release|x64.Build.0 = Release|x64
		{697D665C-64E9-4E72-995F-179938FED8AB}.Release|x86.ActiveCfg = Release|Win32
		{697D665C-64E9-4E72-995F-179938FED8AB}.Release|x86.Build.0 = Release|Win32
	EndGlobalSection
	GlobalSection(SolutionProperties) = preSolution
		HideSolutionNode = FALSE
	EndGlobalSection
	GlobalSection(ExtensibilityGlobals) = postSolution
		SolutionGuid = {75825B09-B586-4446-BEDC-1A721140ACB2}
	EndGlobalSection
EndGlobal
