
Microsoft Visual Studio Solution File, Format Version 12.00
# Visual Studio Version 17
VisualStudioVersion = 17.5.33414.496
MinimumVisualStudioVersion = 10.0.40219.1
Project("{8BC9CEB8-8B4A-11D0-8D11-00A0C91BC942}") = "9var", "9var.vcxproj", "{5B1BF8A0-DE19-435E-A917-76E499B605DF}"
EndProject
Global
	GlobalSection(SolutionConfigurationPlatforms) = preSolution
		Debug|x64 = Debug|x64
		Debug|x86 = Debug|x86
		Release|x64 = Release|x64
		Release|x86 = Release|x86
	EndGlobalSection
	GlobalSection(ProjectConfigurationPlatforms) = postSolution
		{5B1BF8A0-DE19-435E-A917-76E499B605DF}.Debug|x64.ActiveCfg = Debug|x64
		{5B1BF8A0-DE19-435E-A917-76E499B605DF}.Debug|x64.Build.0 = Debug|x64
		{5B1BF8A0-DE19-435E-A917-76E499B605DF}.Debug|x86.ActiveCfg = Debug|Win32
		{5B1BF8A0-DE19-435E-A917-76E499B605DF}.Debug|x86.Build.0 = Debug|Win32
		{5B1BF8A0-DE19-435E-A917-76E499B605DF}.Release|x64.ActiveCfg = Release|x64
		{5B1BF8A0-DE19-435E-A917-76E499B605DF}.Release|x64.Build.0 = Release|x64
		{5B1BF8A0-DE19-435E-A917-76E499B605DF}.Release|x86.ActiveCfg = Release|Win32
		{5B1BF8A0-DE19-435E-A917-76E499B605DF}.Release|x86.Build.0 = Release|Win32
	EndGlobalSection
	GlobalSection(SolutionProperties) = preSolution
		HideSolutionNode = FALSE
	EndGlobalSection
	GlobalSection(ExtensibilityGlobals) = postSolution
		SolutionGuid = {59E09BCE-0D06-4B4E-A82D-DB82FEB129AE}
	EndGlobalSection
EndGlobal
